
Microsoft Visual Studio Solution File, Format Version 12.00
# Visual Studio 15
VisualStudioVersion = 15.0.28010.2036
MinimumVisualStudioVersion = 10.0.40219.1
Project("{FAE04EC0-301F-11D3-BF4B-00C04F79EFBC}") = "BatchWork.API", "BatchWork.API\BatchWork.API.csproj", "{76C41330-5D82-45E3-87BE-4693969C3918}"
EndProject
Project("{FAE04EC0-301F-11D3-BF4B-00C04F79EFBC}") = "BatchWork.Test", "BatchWork.Test\BatchWork.Test.csproj", "{2676A4DC-A191-431F-9E94-B5B124368B4B}"
EndProject
Global
	GlobalSection(SolutionConfigurationPlatforms) = preSolution
		Debug|Any CPU = Debug|Any CPU
		Release|Any CPU = Release|Any CPU
	EndGlobalSection
	GlobalSection(ProjectConfigurationPlatforms) = postSolution
		{76C41330-5D82-45E3-87BE-4693969C3918}.Debug|Any CPU.ActiveCfg = Debug|Any CPU
		{76C41330-5D82-45E3-87BE-4693969C3918}.Debug|Any CPU.Build.0 = Debug|Any CPU
		{76C41330-5D82-45E3-87BE-4693969C3918}.Release|Any CPU.ActiveCfg = Release|Any CPU
		{76C41330-5D82-45E3-87BE-4693969C3918}.Release|Any CPU.Build.0 = Release|Any CPU
		{2676A4DC-A191-431F-9E94-B5B124368B4B}.Debug|Any CPU.ActiveCfg = Debug|Any CPU
		{2676A4DC-A191-431F-9E94-B5B124368B4B}.Debug|Any CPU.Build.0 = Debug|Any CPU
		{2676A4DC-A191-431F-9E94-B5B124368B4B}.Release|Any CPU.ActiveCfg = Release|Any CPU
		{2676A4DC-A191-431F-9E94-B5B124368B4B}.Release|Any CPU.Build.0 = Release|Any CPU
	EndGlobalSection
	GlobalSection(SolutionProperties) = preSolution
		HideSolutionNode = FALSE
	EndGlobalSection
	GlobalSection(ExtensibilityGlobals) = postSolution
		SolutionGuid = {7E62F577-593D-4CB5-8049-18B5B95AFC7D}
	EndGlobalSection
EndGlobal
